lockVersion: 2.0.0
id: 1cc01e85-de06-43c6-8eba-b42d8ac9f2f1
management:
  docChecksum: 8a72152156319b55ebd9dd4cff488703
  docVersion: 1.0.0
  speakeasyVersion: 1.205.0
  generationVersion: 2.279.1
  releaseVersion: 5.2.1
  configChecksum: 5d106addd37d2dd1ba534190538cdd30
  repoURL: https://github.com/speakeasy-sdks/hightouch-python-sdk.git
  repoSubDirectory: .
  installationURL: https://github.com/speakeasy-sdks/hightouch-python-sdk.git
features:
  python:
    constsAndDefaults: 0.1.3
    core: 4.5.1
    globalSecurity: 2.83.4
    globalServerURLs: 2.82.1
    responseFormat: 0.1.0
    unions: 2.82.6
generatedFiles:
  - src/hightouch/sdkconfiguration.py
  - src/hightouch/sdk.py
  - py.typed
  - pylintrc
  - setup.py
  - src/hightouch/__init__.py
  - src/hightouch/utils/__init__.py
  - src/hightouch/utils/retries.py
  - src/hightouch/utils/utils.py
  - src/hightouch/models/errors/sdkerror.py
  - tests/helpers.py
  - src/hightouch/models/operations/createdestination.py
  - src/hightouch/models/operations/createmodel.py
  - src/hightouch/models/operations/createsource.py
  - src/hightouch/models/operations/createsync.py
  - src/hightouch/models/operations/getdestination.py
  - src/hightouch/models/operations/getmodel.py
  - src/hightouch/models/operations/getsource.py
  - src/hightouch/models/operations/getsync.py
  - src/hightouch/models/operations/getsyncsequencerun.py
  - src/hightouch/models/operations/listdestination.py
  - src/hightouch/models/operations/listmodel.py
  - src/hightouch/models/operations/listsource.py
  - src/hightouch/models/operations/listsync.py
  - src/hightouch/models/operations/listsyncruns.py
  - src/hightouch/models/operations/triggerrun.py
  - src/hightouch/models/operations/triggerruncustom.py
  - src/hightouch/models/operations/triggerrunidgraph.py
  - src/hightouch/models/operations/triggersequencerun.py
  - src/hightouch/models/operations/updatedestination.py
  - src/hightouch/models/operations/updatemodel.py
  - src/hightouch/models/operations/updatesource.py
  - src/hightouch/models/operations/updatesync.py
  - src/hightouch/models/shared/destination.py
  - src/hightouch/models/shared/internalservererror.py
  - src/hightouch/models/shared/destinationcreate.py
  - src/hightouch/models/shared/model.py
  - src/hightouch/models/shared/modelcreate.py
  - src/hightouch/models/shared/source.py
  - src/hightouch/models/shared/sourcecreate.py
  - src/hightouch/models/shared/sync.py
  - src/hightouch/models/shared/syncstatus.py
  - src/hightouch/models/shared/intervalschedule.py
  - src/hightouch/models/shared/interval.py
  - src/hightouch/models/shared/intervalunit.py
  - src/hightouch/models/shared/cronschedule.py
  - src/hightouch/models/shared/visualcronschedule.py
  - src/hightouch/models/shared/record_day_boolean_or_undefined_.py
  - src/hightouch/models/shared/dbtschedule.py
  - src/hightouch/models/shared/synccreate.py
  - src/hightouch/models/shared/syncsequencestatusoutput.py
  - src/hightouch/models/shared/syncrunstatus.py
  - src/hightouch/models/shared/syncsequencerequeststatus.py
  - src/hightouch/models/shared/syncrun.py
  - src/hightouch/models/shared/triggerrunoutput.py
  - src/hightouch/models/shared/triggerruninput.py
  - src/hightouch/models/shared/triggerruncustominput.py
  - src/hightouch/models/shared/triggerrunidgraphoutput.py
  - src/hightouch/models/shared/triggerrunidgraphinput.py
  - src/hightouch/models/shared/triggersequencerunoutput.py
  - src/hightouch/models/shared/destinationupdate.py
  - src/hightouch/models/shared/modelupdate.py
  - src/hightouch/models/shared/sourceupdate.py
  - src/hightouch/models/shared/syncupdate.py
  - src/hightouch/models/shared/security.py
  - src/hightouch/models/errors/validateerrorjson.py
  - src/hightouch/models/__init__.py
  - src/hightouch/models/errors/__init__.py
  - src/hightouch/models/operations/__init__.py
  - src/hightouch/models/shared/__init__.py
  - docs/models/operations/createdestinationresponsebody.md
  - docs/models/operations/createdestinationresponse.md
  - docs/models/operations/createmodelrequest.md
  - docs/models/operations/createmodelresponsebody.md
  - docs/models/operations/createmodelresponse.md
  - docs/models/operations/createsourceresponsebody.md
  - docs/models/operations/createsourceresponse.md
  - docs/models/operations/createsyncresponsebody.md
  - docs/models/operations/createsyncresponse.md
  - docs/models/operations/getdestinationrequest.md
  - docs/models/operations/getdestinationresponse.md
  - docs/models/operations/getmodelrequest.md
  - docs/models/operations/getmodelresponse.md
  - docs/models/operations/getsourcerequest.md
  - docs/models/operations/getsourceresponse.md
  - docs/models/operations/getsyncrequest.md
  - docs/models/operations/getsyncresponse.md
  - docs/models/operations/getsyncsequencerunrequest.md
  - docs/models/operations/getsyncsequencerunresponse.md
  - docs/models/operations/orderby.md
  - docs/models/operations/listdestinationrequest.md
  - docs/models/operations/listdestinationresponsebody.md
  - docs/models/operations/listdestinationresponse.md
  - docs/models/operations/queryparamorderby.md
  - docs/models/operations/listmodelrequest.md
  - docs/models/operations/listmodelresponsebody.md
  - docs/models/operations/listmodelresponse.md
  - docs/models/operations/listsourcequeryparamorderby.md
  - docs/models/operations/listsourcerequest.md
  - docs/models/operations/listsourceresponsebody.md
  - docs/models/operations/listsourceresponse.md
  - docs/models/operations/listsyncqueryparamorderby.md
  - docs/models/operations/listsyncrequest.md
  - docs/models/operations/listsyncresponsebody.md
  - docs/models/operations/listsyncresponse.md
  - docs/models/operations/listsyncrunsqueryparamorderby.md
  - docs/models/operations/listsyncrunsrequest.md
  - docs/models/operations/listsyncrunsresponsebody.md
  - docs/models/operations/listsyncrunsresponse.md
  - docs/models/operations/triggerrunrequest.md
  - docs/models/operations/triggerrunresponse.md
  - docs/models/operations/triggerruncustomresponsebody.md
  - docs/models/operations/triggerruncustomresponse.md
  - docs/models/operations/triggerrunidgraphrequest.md
  - docs/models/operations/triggerrunidgraphresponse.md
  - docs/models/operations/triggersequencerunrequest.md
  - docs/models/operations/triggersequencerunresponse.md
  - docs/models/operations/updatedestinationrequest.md
  - docs/models/operations/updatedestinationresponsebody.md
  - docs/models/operations/updatedestinationresponse.md
  - docs/models/operations/updatemodelrequest.md
  - docs/models/operations/updatemodelresponsebody.md
  - docs/models/operations/updatemodelresponse.md
  - docs/models/operations/updatesourcerequest.md
  - docs/models/operations/updatesourceresponsebody.md
  - docs/models/operations/updatesourceresponse.md
  - docs/models/operations/updatesyncrequest.md
  - docs/models/operations/updatesyncresponsebody.md
  - docs/models/operations/updatesyncresponse.md
  - docs/models/shared/destination.md
  - docs/models/shared/internalservererror.md
  - docs/models/shared/destinationcreate.md
  - docs/models/shared/custom.md
  - docs/models/shared/dbt.md
  - docs/models/shared/raw.md
  - docs/models/shared/table.md
  - docs/models/shared/visual.md
  - docs/models/shared/model.md
  - docs/models/shared/modelcreatecustom.md
  - docs/models/shared/modelcreatedbt.md
  - docs/models/shared/modelcreateraw.md
  - docs/models/shared/modelcreatetable.md
  - docs/models/shared/modelcreatevisual.md
  - docs/models/shared/modelcreate.md
  - docs/models/shared/source.md
  - docs/models/shared/sourcecreate.md
  - docs/models/shared/syncschedule.md
  - docs/models/shared/schedule.md
  - docs/models/shared/sync.md
  - docs/models/shared/syncstatus.md
  - docs/models/shared/intervalschedule.md
  - docs/models/shared/interval.md
  - docs/models/shared/intervalunit.md
  - docs/models/shared/cronschedule.md
  - docs/models/shared/expressions.md
  - docs/models/shared/visualcronschedule.md
  - docs/models/shared/recorddaybooleanorundefined.md
  - docs/models/shared/account.md
  - docs/models/shared/job.md
  - docs/models/shared/dbtschedule.md
  - docs/models/shared/synccreateschemasschedule.md
  - docs/models/shared/synccreateschedule.md
  - docs/models/shared/synccreate.md
  - docs/models/shared/syncruns.md
  - docs/models/shared/syncsequencestatusoutput.md
  - docs/models/shared/syncrunstatus.md
  - docs/models/shared/syncsequencerequeststatus.md
  - docs/models/shared/failedrows.md
  - docs/models/shared/plannedrows.md
  - docs/models/shared/successfulrows.md
  - docs/models/shared/syncrun.md
  - docs/models/shared/triggerrunoutput.md
  - docs/models/shared/triggerruninput.md
  - docs/models/shared/triggerruncustominput.md
  - docs/models/shared/triggerrunidgraphoutput.md
  - docs/models/shared/triggerrunidgraphinput.md
  - docs/models/shared/triggersequencerunoutput.md
  - docs/models/shared/destinationupdate.md
  - docs/models/shared/modelupdatecustom.md
  - docs/models/shared/modelupdatedbt.md
  - docs/models/shared/modelupdateraw.md
  - docs/models/shared/modelupdatetable.md
  - docs/models/shared/modelupdatevisual.md
  - docs/models/shared/modelupdate.md
  - docs/models/shared/sourceupdate.md
  - docs/models/shared/syncupdateschemasschedule.md
  - docs/models/shared/syncupdateschedule.md
  - docs/models/shared/syncupdate.md
  - docs/models/shared/security.md
  - docs/models/errors/message.md
  - docs/models/errors/validateerrorjson.md
  - docs/sdks/hightouch/README.md
  - USAGE.md
  - .gitattributes
  - src/hightouch/_hooks/sdkhooks.py
  - src/hightouch/_hooks/types.py
  - src/hightouch/_hooks/__init__.py
